
Microsoft Visual Studio Solution File, Format Version 12.00
# Visual Studio 15
VisualStudioVersion = 15.0.27130.2027
MinimumVisualStudioVersion = 10.0.40219.1
Project("{FAE04EC0-301F-11D3-BF4B-00C04F79EFBC}") = "Basic10", "Basic10\Basic10.csproj", "{5DBD8C3E-EC65-41BA-8685-64020687A020}"
EndProject
Project("{FAE04EC0-301F-11D3-BF4B-00C04F79EFBC}") = "Basic11", "Basic11\Basic11.csproj", "{A41797CE-AC1A-4261-93E7-DF4F2BBBC81F}"
EndProject
Project("{FAE04EC0-301F-11D3-BF4B-00C04F79EFBC}") = "Basic12", "Basic12\Basic12.csproj", "{D1579C40-A49C-4C43-B158-351B0C3DA6D7}"
EndProject
Project("{FAE04EC0-301F-11D3-BF4B-00C04F79EFBC}") = "Basic13", "Basic13\Basic13.csproj", "{0F3E3DF7-1359-4912-AC5B-BFBF0DEF85F0}"
EndProject
Project("{FAE04EC0-301F-11D3-BF4B-00C04F79EFBC}") = "Basic14", "Basic14\Basic14.csproj", "{46254CB5-BD2D-4233-AD09-2870AADBD3F6}"
EndProject
Project("{FAE04EC0-301F-11D3-BF4B-00C04F79EFBC}") = "Basic15", "Basic15\Basic15.csproj", "{62D48329-5EFE-44A4-998F-19A9FCDA3AFE}"
EndProject
Project("{FAE04EC0-301F-11D3-BF4B-00C04F79EFBC}") = "Basic16", "Basic16\Basic16.csproj", "{79DBBCB0-36FF-4416-B6CC-4F418280E15E}"
EndProject
Project("{FAE04EC0-301F-11D3-BF4B-00C04F79EFBC}") = "Basic17", "Basic17\Basic17.csproj", "{747AAA2F-8B0B-42DC-992C-9489E6342109}"
EndProject
Project("{FAE04EC0-301F-11D3-BF4B-00C04F79EFBC}") = "Classes", "Classes\Classes.csproj", "{8C415306-E5D6-4A5B-87E4-1892044581F4}"
EndProject
Project("{FAE04EC0-301F-11D3-BF4B-00C04F79EFBC}") = "Basic18", "Basic18\Basic18.csproj", "{6260C7B5-018C-4658-8584-8533C885068C}"
EndProject
Project("{FAE04EC0-301F-11D3-BF4B-00C04F79EFBC}") = "Basic19", "Basic19\Basic19.csproj", "{E64FE02E-91F4-4C52-8D45-6654BCC20926}"
EndProject
Project("{FAE04EC0-301F-11D3-BF4B-00C04F79EFBC}") = "Basic20", "Basic20\Basic20.csproj", "{50ECF87E-AE64-4D84-B9A5-3F17E075C71F}"
EndProject
Project("{FAE04EC0-301F-11D3-BF4B-00C04F79EFBC}") = "Basic01", "Basic01\Basic01.csproj", "{7B4E75F8-E0BC-410C-B12D-4B8EE73BF05C}"
EndProject
Project("{FAE04EC0-301F-11D3-BF4B-00C04F79EFBC}") = "Basic02", "Basic02\Basic02.csproj", "{E52E5E1D-2E0A-45A4-AC50-8E46BF656E23}"
EndProject
Project("{FAE04EC0-301F-11D3-BF4B-00C04F79EFBC}") = "Basic03", "Basic03\Basic03.csproj", "{4E41B0B1-CC8E-45F4-99D4-DB51BE3D9FAA}"
EndProject
Project("{FAE04EC0-301F-11D3-BF4B-00C04F79EFBC}") = "Basic04", "Basic04\Basic04.csproj", "{BB0ED557-F0E2-43F2-B66B-9C447BD78273}"
EndProject
Project("{FAE04EC0-301F-11D3-BF4B-00C04F79EFBC}") = "Basic05", "Basic05\Basic05.csproj", "{50ABCFE5-2440-4BC2-A916-CEA22E884A55}"
EndProject
Project("{FAE04EC0-301F-11D3-BF4B-00C04F79EFBC}") = "Basic06", "Basic06\Basic06.csproj", "{3920EFAA-7B30-43C0-BE48-4EE7A4AA6C2B}"
EndProject
Project("{FAE04EC0-301F-11D3-BF4B-00C04F79EFBC}") = "Basic07", "Basic07\Basic07.csproj", "{CC886092-3629-46EE-84B2-8EDD93912EA1}"
EndProject
Project("{FAE04EC0-301F-11D3-BF4B-00C04F79EFBC}") = "Basic08", "Basic08\Basic08.csproj", "{5C6D4326-1272-4239-B289-8BDA2DEC747E}"
EndProject
Project("{FAE04EC0-301F-11D3-BF4B-00C04F79EFBC}") = "Basic09", "Basic09\Basic09.csproj", "{F4420DF7-9DD8-48E2-9201-1F0CFE8008B1}"
EndProject
Project("{FAE04EC0-301F-11D3-BF4B-00C04F79EFBC}") = "Basic21", "Basic21\Basic21.csproj", "{3B42205C-6DB1-4F9B-99E1-F993E319555E}"
EndProject
Project("{FAE04EC0-301F-11D3-BF4B-00C04F79EFBC}") = "Basic22", "Basic22\Basic22.csproj", "{7F9C28A0-BD85-45AB-B507-34E2D319473A}"
EndProject
Project("{FAE04EC0-301F-11D3-BF4B-00C04F79EFBC}") = "Basic23", "Basic23\Basic23.csproj", "{B3A786D2-7B70-42B0-86AA-68F7D7A4B482}"
EndProject
Global
	GlobalSection(SolutionConfigurationPlatforms) = preSolution
		Debug|Any CPU = Debug|Any CPU
		Release|Any CPU = Release|Any CPU
	EndGlobalSection
	GlobalSection(ProjectConfigurationPlatforms) = postSolution
		{5DBD8C3E-EC65-41BA-8685-64020687A020}.Debug|Any CPU.ActiveCfg = Debug|Any CPU
		{5DBD8C3E-EC65-41BA-8685-64020687A020}.Debug|Any CPU.Build.0 = Debug|Any CPU
		{5DBD8C3E-EC65-41BA-8685-64020687A020}.Release|Any CPU.ActiveCfg = Release|Any CPU
		{5DBD8C3E-EC65-41BA-8685-64020687A020}.Release|Any CPU.Build.0 = Release|Any CPU
		{A41797CE-AC1A-4261-93E7-DF4F2BBBC81F}.Debug|Any CPU.ActiveCfg = Debug|Any CPU
		{A41797CE-AC1A-4261-93E7-DF4F2BBBC81F}.Debug|Any CPU.Build.0 = Debug|Any CPU
		{A41797CE-AC1A-4261-93E7-DF4F2BBBC81F}.Release|Any CPU.ActiveCfg = Release|Any CPU
		{A41797CE-AC1A-4261-93E7-DF4F2BBBC81F}.Release|Any CPU.Build.0 = Release|Any CPU
		{D1579C40-A49C-4C43-B158-351B0C3DA6D7}.Debug|Any CPU.ActiveCfg = Debug|Any CPU
		{D1579C40-A49C-4C43-B158-351B0C3DA6D7}.Debug|Any CPU.Build.0 = Debug|Any CPU
		{D1579C40-A49C-4C43-B158-351B0C3DA6D7}.Release|Any CPU.ActiveCfg = Release|Any CPU
		{D1579C40-A49C-4C43-B158-351B0C3DA6D7}.Release|Any CPU.Build.0 = Release|Any CPU
		{0F3E3DF7-1359-4912-AC5B-BFBF0DEF85F0}.Debug|Any CPU.ActiveCfg = Debug|Any CPU
		{0F3E3DF7-1359-4912-AC5B-BFBF0DEF85F0}.Debug|Any CPU.Build.0 = Debug|Any CPU
		{0F3E3DF7-1359-4912-AC5B-BFBF0DEF85F0}.Release|Any CPU.ActiveCfg = Release|Any CPU
		{0F3E3DF7-1359-4912-AC5B-BFBF0DEF85F0}.Release|Any CPU.Build.0 = Release|Any CPU
		{46254CB5-BD2D-4233-AD09-2870AADBD3F6}.Debug|Any CPU.ActiveCfg = Debug|Any CPU
		{46254CB5-BD2D-4233-AD09-2870AADBD3F6}.Debug|Any CPU.Build.0 = Debug|Any CPU
		{46254CB5-BD2D-4233-AD09-2870AADBD3F6}.Release|Any CPU.ActiveCfg = Release|Any CPU
		{46254CB5-BD2D-4233-AD09-2870AADBD3F6}.Release|Any CPU.Build.0 = Release|Any CPU
		{62D48329-5EFE-44A4-998F-19A9FCDA3AFE}.Debug|Any CPU.ActiveCfg = Debug|Any CPU
		{62D48329-5EFE-44A4-998F-19A9FCDA3AFE}.Debug|Any CPU.Build.0 = Debug|Any CPU
		{62D48329-5EFE-44A4-998F-19A9FCDA3AFE}.Release|Any CPU.ActiveCfg = Release|Any CPU
		{62D48329-5EFE-44A4-998F-19A9FCDA3AFE}.Release|Any CPU.Build.0 = Release|Any CPU
		{79DBBCB0-36FF-4416-B6CC-4F418280E15E}.Debug|Any CPU.ActiveCfg = Debug|Any CPU
		{79DBBCB0-36FF-4416-B6CC-4F418280E15E}.Debug|Any CPU.Build.0 = Debug|Any CPU
		{79DBBCB0-36FF-4416-B6CC-4F418280E15E}.Release|Any CPU.ActiveCfg = Release|Any CPU
		{79DBBCB0-36FF-4416-B6CC-4F418280E15E}.Release|Any CPU.Build.0 = Release|Any CPU
		{747AAA2F-8B0B-42DC-992C-9489E6342109}.Debug|Any CPU.ActiveCfg = Debug|Any CPU
		{747AAA2F-8B0B-42DC-992C-9489E6342109}.Debug|Any CPU.Build.0 = Debug|Any CPU
		{747AAA2F-8B0B-42DC-992C-9489E6342109}.Release|Any CPU.ActiveCfg = Release|Any CPU
		{747AAA2F-8B0B-42DC-992C-9489E6342109}.Release|Any CPU.Build.0 = Release|Any CPU
		{8C415306-E5D6-4A5B-87E4-1892044581F4}.Debug|Any CPU.ActiveCfg = Debug|Any CPU
		{8C415306-E5D6-4A5B-87E4-1892044581F4}.Debug|Any CPU.Build.0 = Debug|Any CPU
		{8C415306-E5D6-4A5B-87E4-1892044581F4}.Release|Any CPU.ActiveCfg = Release|Any CPU
		{8C415306-E5D6-4A5B-87E4-1892044581F4}.Release|Any CPU.Build.0 = Release|Any CPU
		{6260C7B5-018C-4658-8584-8533C885068C}.Debug|Any CPU.ActiveCfg = Debug|Any CPU
		{6260C7B5-018C-4658-8584-8533C885068C}.Debug|Any CPU.Build.0 = Debug|Any CPU
		{6260C7B5-018C-4658-8584-8533C885068C}.Release|Any CPU.ActiveCfg = Release|Any CPU
		{6260C7B5-018C-4658-8584-8533C885068C}.Release|Any CPU.Build.0 = Release|Any CPU
		{E64FE02E-91F4-4C52-8D45-6654BCC20926}.Debug|Any CPU.ActiveCfg = Debug|Any CPU
		{E64FE02E-91F4-4C52-8D45-6654BCC20926}.Debug|Any CPU.Build.0 = Debug|Any CPU
		{E64FE02E-91F4-4C52-8D45-6654BCC20926}.Release|Any CPU.ActiveCfg = Release|Any CPU
		{E64FE02E-91F4-4C52-8D45-6654BCC20926}.Release|Any CPU.Build.0 = Release|Any CPU
		{50ECF87E-AE64-4D84-B9A5-3F17E075C71F}.Debug|Any CPU.ActiveCfg = Debug|Any CPU
		{50ECF87E-AE64-4D84-B9A5-3F17E075C71F}.Debug|Any CPU.Build.0 = Debug|Any CPU
		{50ECF87E-AE64-4D84-B9A5-3F17E075C71F}.Release|Any CPU.ActiveCfg = Release|Any CPU
		{50ECF87E-AE64-4D84-B9A5-3F17E075C71F}.Release|Any CPU.Build.0 = Release|Any CPU
		{7B4E75F8-E0BC-410C-B12D-4B8EE73BF05C}.Debug|Any CPU.ActiveCfg = Debug|Any CPU
		{7B4E75F8-E0BC-410C-B12D-4B8EE73BF05C}.Debug|Any CPU.Build.0 = Debug|Any CPU
		{7B4E75F8-E0BC-410C-B12D-4B8EE73BF05C}.Release|Any CPU.ActiveCfg = Release|Any CPU
		{7B4E75F8-E0BC-410C-B12D-4B8EE73BF05C}.Release|Any CPU.Build.0 = Release|Any CPU
		{E52E5E1D-2E0A-45A4-AC50-8E46BF656E23}.Debug|Any CPU.ActiveCfg = Debug|Any CPU
		{E52E5E1D-2E0A-45A4-AC50-8E46BF656E23}.Debug|Any CPU.Build.0 = Debug|Any CPU
		{E52E5E1D-2E0A-45A4-AC50-8E46BF656E23}.Release|Any CPU.ActiveCfg = Release|Any CPU
		{E52E5E1D-2E0A-45A4-AC50-8E46BF656E23}.Release|Any CPU.Build.0 = Release|Any CPU
		{4E41B0B1-CC8E-45F4-99D4-DB51BE3D9FAA}.Debug|Any CPU.ActiveCfg = Debug|Any CPU
		{4E41B0B1-CC8E-45F4-99D4-DB51BE3D9FAA}.Debug|Any CPU.Build.0 = Debug|Any CPU
		{4E41B0B1-CC8E-45F4-99D4-DB51BE3D9FAA}.Release|Any CPU.ActiveCfg = Release|Any CPU
		{4E41B0B1-CC8E-45F4-99D4-DB51BE3D9FAA}.Release|Any CPU.Build.0 = Release|Any CPU
		{BB0ED557-F0E2-43F2-B66B-9C447BD78273}.Debug|Any CPU.ActiveCfg = Debug|Any CPU
		{BB0ED557-F0E2-43F2-B66B-9C447BD78273}.Debug|Any CPU.Build.0 = Debug|Any CPU
		{BB0ED557-F0E2-43F2-B66B-9C447BD78273}.Release|Any CPU.ActiveCfg = Release|Any CPU
		{BB0ED557-F0E2-43F2-B66B-9C447BD78273}.Release|Any CPU.Build.0 = Release|Any CPU
		{50ABCFE5-2440-4BC2-A916-CEA22E884A55}.Debug|Any CPU.ActiveCfg = Debug|Any CPU
		{50ABCFE5-2440-4BC2-A916-CEA22E884A55}.Debug|Any CPU.Build.0 = Debug|Any CPU
		{50ABCFE5-2440-4BC2-A916-CEA22E884A55}.Release|Any CPU.ActiveCfg = Release|Any CPU
		{50ABCFE5-2440-4BC2-A916-CEA22E884A55}.Release|Any CPU.Build.0 = Release|Any CPU
		{3920EFAA-7B30-43C0-BE48-4EE7A4AA6C2B}.Debug|Any CPU.ActiveCfg = Debug|Any CPU
		{3920EFAA-7B30-43C0-BE48-4EE7A4AA6C2B}.Debug|Any CPU.Build.0 = Debug|Any CPU
		{3920EFAA-7B30-43C0-BE48-4EE7A4AA6C2B}.Release|Any CPU.ActiveCfg = Release|Any CPU
		{3920EFAA-7B30-43C0-BE48-4EE7A4AA6C2B}.Release|Any CPU.Build.0 = Release|Any CPU
		{CC886092-3629-46EE-84B2-8EDD93912EA1}.Debug|Any CPU.ActiveCfg = Debug|Any CPU
		{CC886092-3629-46EE-84B2-8EDD93912EA1}.Debug|Any CPU.Build.0 = Debug|Any CPU
		{CC886092-3629-46EE-84B2-8EDD93912EA1}.Release|Any CPU.ActiveCfg = Release|Any CPU
		{CC886092-3629-46EE-84B2-8EDD93912EA1}.Release|Any CPU.Build.0 = Release|Any CPU
		{5C6D4326-1272-4239-B289-8BDA2DEC747E}.Debug|Any CPU.ActiveCfg = Debug|Any CPU
		{5C6D4326-1272-4239-B289-8BDA2DEC747E}.Debug|Any CPU.Build.0 = Debug|Any CPU
		{5C6D4326-1272-4239-B289-8BDA2DEC747E}.Release|Any CPU.ActiveCfg = Release|Any CPU
		{5C6D4326-1272-4239-B289-8BDA2DEC747E}.Release|Any CPU.Build.0 = Release|Any CPU
		{F4420DF7-9DD8-48E2-9201-1F0CFE8008B1}.Debug|Any CPU.ActiveCfg = Debug|Any CPU
		{F4420DF7-9DD8-48E2-9201-1F0CFE8008B1}.Debug|Any CPU.Build.0 = Debug|Any CPU
		{F4420DF7-9DD8-48E2-9201-1F0CFE8008B1}.Release|Any CPU.ActiveCfg = Release|Any CPU
		{F4420DF7-9DD8-48E2-9201-1F0CFE8008B1}.Release|Any CPU.Build.0 = Release|Any CPU
		{3B42205C-6DB1-4F9B-99E1-F993E319555E}.Debug|Any CPU.ActiveCfg = Debug|Any CPU
		{3B42205C-6DB1-4F9B-99E1-F993E319555E}.Debug|Any CPU.Build.0 = Debug|Any CPU
		{3B42205C-6DB1-4F9B-99E1-F993E319555E}.Release|Any CPU.ActiveCfg = Release|Any CPU
		{3B42205C-6DB1-4F9B-99E1-F993E319555E}.Release|Any CPU.Build.0 = Release|Any CPU
		{7F9C28A0-BD85-45AB-B507-34E2D319473A}.Debug|Any CPU.ActiveCfg = Debug|Any CPU
		{7F9C28A0-BD85-45AB-B507-34E2D319473A}.Debug|Any CPU.Build.0 = Debug|Any CPU
		{7F9C28A0-BD85-45AB-B507-34E2D319473A}.Release|Any CPU.ActiveCfg = Release|Any CPU
		{7F9C28A0-BD85-45AB-B507-34E2D319473A}.Release|Any CPU.Build.0 = Release|Any CPU
		{B3A786D2-7B70-42B0-86AA-68F7D7A4B482}.Debug|Any CPU.ActiveCfg = Debug|Any CPU
		{B3A786D2-7B70-42B0-86AA-68F7D7A4B482}.Debug|Any CPU.Build.0 = Debug|Any CPU
		{B3A786D2-7B70-42B0-86AA-68F7D7A4B482}.Release|Any CPU.ActiveCfg = Release|Any CPU
		{B3A786D2-7B70-42B0-86AA-68F7D7A4B482}.Release|Any CPU.Build.0 = Release|Any CPU
	EndGlobalSection
	GlobalSection(SolutionProperties) = preSolution
		HideSolutionNode = FALSE
	EndGlobalSection
	GlobalSection(ExtensibilityGlobals) = postSolution
		SolutionGuid = {D933C45E-D821-47AF-AA76-65BACDCEEF1B}
	EndGlobalSection
EndGlobal
